github.com/davecgh/go-spew v1.1.0/go.mod h1:J7Y8YcW2NihsgmVo/mv3lAwl/skON4iLHjSsI+c5H38=
github.com/davecgh/go-spew v1.1.1 h1:vj9j/u1bqnvCEfJOwUhtlOARqs3+rkHYY13jYWTU97c=
github.com/davecgh/go-spew v1.1.1/go.mod h1:J7Y8YcW2NihsgmVo/mv3lAwl/skON4iLHjSsI+c5H38=
github.com/google/gofuzz v1.0.0/go.mod h1:dBl0BpW6vV/+mYPU4Po3pmUjxk6FQPldtuIdl/M65Eg=
github.com/google/uuid v1.0.0 h1:b4Gk+7WdP/d3HZH8EJsZpvV7EtDOgaZLtnaNGIu1adA=
github.com/google/uuid v1.0.0/go.mod h1:TIyPZe4MgqvfeYDBFedMoGGpEw/LqOeaOT+nhxU+yHo=
github.com/modern-go/concurrent v0.0.0-20180228061459-e0a39a4cb421 h1:ZqeYNhU3OHLH3mGKHDcjJRFFRrJa6eAM5H+CtDdOsPc=
github.com/modern-go/concurrent v0.0.0-20180228061459-e0a39a4cb421/go.mod h1:6dJC0mAP4ikYIbvyc7fijjWJddQyLn8Ig3JB5CqoB9Q=
github.com/modern-go/reflect2 v0.0.0-20180701023420-4b7aa43c6742 h1:Esafd1046DLDQ0W1YjYsBW+p8U2u7vzgW2SQVmlNazg=
github.com/modern-go/reflect2 v0.0.0-20180701023420-4b7aa43c6742/go.mod h1:bx2lNnkwVCuqBIxFjflWJWanXIb3RllmbCylyMrvgv0=
github.com/pborman/uuid v1.2.0 h1:J7Q5mO4ysT1dv8hyrUGHb9+ooztCXu1D8MY8DZYsu3g=
github.com/pborman/uuid v1.2.0/go.mod h1:X/NO0urCmaxf9VXbdlT7C2Yzkj2IKimNn4k+gtPdI/k=
github.com/pmezard/go-difflib v1.0.0 h1:4DBwDE0NGyQoBHbLQYPwSUPoCMWR5BEzIk/f1lZbAQM=
github.com/pmezard/go-difflib v1.0.0/go.mod h1:iKH77koFhYxTK1pcRnkKkqfTogsbg7gZNVY4sRDYZ/4=
github.com/russolsen/ohyeah v0.0.0-20160324131710-f4938c005315 h1:H3hCXwP92pH/hSgNrCLtjxvsKJ50sq26nICbZuoR1tQ=
github.com/russolsen/ohyeah v0.0.0-20160324131710-f4938c005315/go.mod h1:ZbKa3zlLnhGF1dAeJtMSoNtM5LgFQnqzq8eYH3uYYkU=
github.com/russolsen/same v0.0.0-20160222130632-f089df61f51d h1:A926QrjwToaPS7giC4UOBjHhdukq9l1Y15r3qkXYwCY=
github.com/russolsen/same v0.0.0-20160222130632-f089df61f51d/go.mod h1:Cpq811GTlHevuU6BZxk3ObOdK8AY5gHu9QGmDak0DT4=
github.com/shamaton/msgpack v1.1.1 h1:wZcK/aIifWvsDl6jXo+c/tRYo9Vnb8abWCossDbj2Ww=
github.com/shamaton/msgpack v1.1.1/go.mod h1:ibiaNQRTCUISAYkkyOpaSCEBiCAxXe6u6Mu1sQ6945U=
github.com/shopspring/decimal v0.0.0-20191130220710-360f2bc03045 h1:8CnFGhoe92Izugjok8nZEGYCNovJwdRFYwrEiLtG6ZQ=
github.com/shopspring/decimal v0.0.0-20191130220710-360f2bc03045/go.mod h1:DKyhrW/HYNuLGql+MJL6WCR6knT2jwCFRcu2hWCYk4o=
github.com/stretchr/objx v0.1.0/go.mod h1:HFkY916IF+rwdDfMAkV7OtwuqBVzrE8GR6GFx+wExME=
github.com/stretchr/testify v1.3.0 h1:TivCn/peBQ7UY8ooIcPgZFpTNSz0Q2U6UrFlUfqbe0Q=
github.com/stretchr/testify v1.3.0/go.mod h1:M5WIy9Dh21IEIfnGCwXGc5bZfKNJtfHm1UVUgZn+9EI=
